PODS:
  - Kingfisher/Core (5.15.6)
  - Kingfisher/SwiftUI (5.15.6):
    - Kingfisher/Core

DEPENDENCIES:
  - Kingfisher/SwiftUI

SPEC REPOS:
  trunk:
    - Kingfisher

SPEC CHECKSUMS:
  Kingfisher: b3554e7bf6106115b44e8795300bad580ef2fdc7

PODFILE CHECKSUM: dc0ec47cf556912d1cf238939fe8affb5bc8b81b

COCOAPODS: 1.9.3
