// !$*UTF8*$!
{
	archiveVersion = 1;
	classes = {
	};
	objectVersion = 51;
	objects = {

/* Begin PBXBuildFile section */
		04E29623AB5560B346EB4405 /* Pods_ImageSearch_SwiftUITests.framework in Frameworks */ = {isa = PBXBuildFile; fileRef = 8C5AF494C31C9A9BF0C98A27 /* Pods_ImageSearch_SwiftUITests.framework */; };
		68DDD0FF4A7B4FA31F5936DE /* Pods_ImageSearch_SwiftUI_ImageSearch_SwiftUIUITests.framework in Frameworks */ = {isa = PBXBuildFile; fileRef = D3AC0F018CC24B93E3215536 /* Pods_ImageSearch_SwiftUI_ImageSearch_SwiftUIUITests.framework */; };
		7CB1AAD9358BF271F1F28D2F /* Pods_ImageSearch_SwiftUI.framework in Frameworks */ = {isa = PBXBuildFile; fileRef = D9585B434904B58654A9C376 /* Pods_ImageSearch_SwiftUI.framework */; };
		F31EFE9E253D977B00C53147 /* CollectionView.swift in Sources */ = {isa = PBXBuildFile; fileRef = F31EFE9D253D977B00C53147 /* CollectionView.swift */; };
		F3308C43253D783E00551A4C /* ImageSearch_SwiftUIApp.swift in Sources */ = {isa = PBXBuildFile; fileRef = F3308C42253D783E00551A4C /* ImageSearch_SwiftUIApp.swift */; };
		F3308C47253D783F00551A4C /* Assets.xcassets in Resources */ = {isa = PBXBuildFile; fileRef = F3308C46253D783F00551A4C /* Assets.xcassets */; };
		F3308C4A253D783F00551A4C /* Preview Assets.xcassets in Resources */ = {isa = PBXBuildFile; fileRef = F3308C49253D783F00551A4C /* Preview Assets.xcassets */; };
		F3308C55253D784000551A4C /* ImageSearch_SwiftUITests.swift in Sources */ = {isa = PBXBuildFile; fileRef = F3308C54253D784000551A4C /* ImageSearch_SwiftUITests.swift */; };
		F3308C60253D784000551A4C /* ImageSearch_SwiftUIUITests.swift in Sources */ = {isa = PBXBuildFile; fileRef = F3308C5F253D784000551A4C /* ImageSearch_SwiftUIUITests.swift */; };
		F3308C73253D78BD00551A4C /* SearchView.swift in Sources */ = {isa = PBXBuildFile; fileRef = F3308C72253D78BD00551A4C /* SearchView.swift */; };
		F3308C7C253D78CE00551A4C /* FavoritesView.swift in Sources */ = {isa = PBXBuildFile; fileRef = F3308C7B253D78CD00551A4C /* FavoritesView.swift */; };
		F3308C89253D78FD00551A4C /* MainView.swift in Sources */ = {isa = PBXBuildFile; fileRef = F3308C88253D78FD00551A4C /* MainView.swift */; };
		F3308C94253D79EB00551A4C /* CardView.swift in Sources */ = {isa = PBXBuildFile; fileRef = F3308C93253D79EB00551A4C /* CardView.swift */; };
		F3308C9A253D7A2600551A4C /* SearchViewModel.swift in Sources */ = {isa = PBXBuildFile; fileRef = F3308C99253D7A2600551A4C /* SearchViewModel.swift */; };
		F33EE4352540504A00632A36 /* DetailedView.swift in Sources */ = {isa = PBXBuildFile; fileRef = F33EE4342540504A00632A36 /* DetailedView.swift */; };
		F33EE4462540545000632A36 /* ClassicCellView.swift in Sources */ = {isa = PBXBuildFile; fileRef = F33EE4452540545000632A36 /* ClassicCellView.swift */; };
		F33EE44B2540571500632A36 /* Text+OptionalString.swift in Sources */ = {isa = PBXBuildFile; fileRef = F33EE44A2540571500632A36 /* Text+OptionalString.swift */; };
		F33EE451254058D200632A36 /* SafariView.swift in Sources */ = {isa = PBXBuildFile; fileRef = F33EE450254058D200632A36 /* SafariView.swift */; };
		F33EE45625405B7B00632A36 /* DetailedViewModel.swift in Sources */ = {isa = PBXBuildFile; fileRef = F33EE45525405B7B00632A36 /* DetailedViewModel.swift */; };
		F33EE4652540676600632A36 /* FavoritesModel.swift in Sources */ = {isa = PBXBuildFile; fileRef = F33EE4642540676600632A36 /* FavoritesModel.swift */; };
		F33EE46D25406C4600632A36 /* UserDefaults+Objects.swift in Sources */ = {isa = PBXBuildFile; fileRef = F33EE46C25406C4600632A36 /* UserDefaults+Objects.swift */; };
		F39284B1253EA6440061C36F /* SearchBar.swift in Sources */ = {isa = PBXBuildFile; fileRef = F39284B0253EA6440061C36F /* SearchBar.swift */; };
		F39284B6253EA7560061C36F /* ResultData.swift in Sources */ = {isa = PBXBuildFile; fileRef = F39284B5253EA7560061C36F /* ResultData.swift */; };
		F39284C4253EB0400061C36F /* SearchModel.swift in Sources */ = {isa = PBXBuildFile; fileRef = F39284C3253EB0400061C36F /* SearchModel.swift */; };
		F39284CC253EC1530061C36F /* KakaoSearchData.swift in Sources */ = {isa = PBXBuildFile; fileRef = F39284CB253EC1530061C36F /* KakaoSearchData.swift */; };
		F3E89997254074250087CB09 /* FavoritesViewModel.swift in Sources */ = {isa = PBXBuildFile; fileRef = F3E89996254074250087CB09 /* FavoritesViewModel.swift */; };
		F3E8999F2540779F0087CB09 /* VisualEffectView.swift in Sources */ = {isa = PBXBuildFile; fileRef = F3E8999E2540779F0087CB09 /* VisualEffectView.swift */; };
		F3E899A4254078280087CB09 /* ColorScheme+UIBlurEffectStyle.swift in Sources */ = {isa = PBXBuildFile; fileRef = F3E899A3254078280087CB09 /* ColorScheme+UIBlurEffectStyle.swift */; };
		F3E899A9254080160087CB09 /* View+pinchToZoom.swift in Sources */ = {isa = PBXBuildFile; fileRef = F3E899A8254080160087CB09 /* View+pinchToZoom.swift */; };
/* End PBXBuildFile section */

/* Begin PBXContainerItemProxy section */
		F3308C51253D783F00551A4C /* PBXContainerItemProxy */ = {
			isa = PBXContainerItemProxy;
			containerPortal = F3308C37253D783E00551A4C /* Project object */;
			proxyType = 1;
			remoteGlobalIDString = F3308C3E253D783E00551A4C;
			remoteInfo = "ImageSearch-SwiftUI";
		};
		F3308C5C253D784000551A4C /* PBXContainerItemProxy */ = {
			isa = PBXContainerItemProxy;
			containerPortal = F3308C37253D783E00551A4C /* Project object */;
			proxyType = 1;
			remoteGlobalIDString = F3308C3E253D783E00551A4C;
			remoteInfo = "ImageSearch-SwiftUI";
		};
/* End PBXContainerItemProxy section */

/* Begin PBXFileReference section */
		3A07A532071015E87EEB8C15 /* Pods-ImageSearch-SwiftUITests.debug.xcconfig */ = {isa = PBXFileReference; includeInIndex = 1; lastKnownFileType = text.xcconfig; name = "Pods-ImageSearch-SwiftUITests.debug.xcconfig"; path = "Target Support Files/Pods-ImageSearch-SwiftUITests/Pods-ImageSearch-SwiftUITests.debug.xcconfig"; sourceTree = "<group>"; };
		3E137A61532D420987A07BC1 /* Pods-ImageSearch-SwiftUITests.release.xcconfig */ = {isa = PBXFileReference; includeInIndex = 1; lastKnownFileType = text.xcconfig; name = "Pods-ImageSearch-SwiftUITests.release.xcconfig"; path = "Target Support Files/Pods-ImageSearch-SwiftUITests/Pods-ImageSearch-SwiftUITests.release.xcconfig"; sourceTree = "<group>"; };
		582DDECE33F7A249495223C5 /* Pods-ImageSearch-SwiftUI.debug.xcconfig */ = {isa = PBXFileReference; includeInIndex = 1; lastKnownFileType = text.xcconfig; name = "Pods-ImageSearch-SwiftUI.debug.xcconfig"; path = "Target Support Files/Pods-ImageSearch-SwiftUI/Pods-ImageSearch-SwiftUI.debug.xcconfig"; sourceTree = "<group>"; };
		887320FA80B8ADFEF1372801 /* Pods-ImageSearch-SwiftUI-ImageSearch-SwiftUIUITests.release.xcconfig */ = {isa = PBXFileReference; includeInIndex = 1; lastKnownFileType = text.xcconfig; name = "Pods-ImageSearch-SwiftUI-ImageSearch-SwiftUIUITests.release.xcconfig"; path = "Target Support Files/Pods-ImageSearch-SwiftUI-ImageSearch-SwiftUIUITests/Pods-ImageSearch-SwiftUI-ImageSearch-SwiftUIUITests.release.xcconfig"; sourceTree = "<group>"; };
		8C5AF494C31C9A9BF0C98A27 /* Pods_ImageSearch_SwiftUITests.framework */ = {isa = PBXFileReference; explicitFileType = wrapper.framework; includeInIndex = 0; path = Pods_ImageSearch_SwiftUITests.framework; sourceTree = BUILT_PRODUCTS_DIR; };
		B3C1745805610BA964777D0C /* Pods-ImageSearch-SwiftUI-ImageSearch-SwiftUIUITests.debug.xcconfig */ = {isa = PBXFileReference; includeInIndex = 1; lastKnownFileType = text.xcconfig; name = "Pods-ImageSearch-SwiftUI-ImageSearch-SwiftUIUITests.debug.xcconfig"; path = "Target Support Files/Pods-ImageSearch-SwiftUI-ImageSearch-SwiftUIUITests/Pods-ImageSearch-SwiftUI-ImageSearch-SwiftUIUITests.debug.xcconfig"; sourceTree = "<group>"; };
		C39AD268D287FE003A0880C3 /* Pods-ImageSearch-SwiftUI.release.xcconfig */ = {isa = PBXFileReference; includeInIndex = 1; lastKnownFileType = text.xcconfig; name = "Pods-ImageSearch-SwiftUI.release.xcconfig"; path = "Target Support Files/Pods-ImageSearch-SwiftUI/Pods-ImageSearch-SwiftUI.release.xcconfig"; sourceTree = "<group>"; };
		D3AC0F018CC24B93E3215536 /* Pods_ImageSearch_SwiftUI_ImageSearch_SwiftUIUITests.framework */ = {isa = PBXFileReference; explicitFileType = wrapper.framework; includeInIndex = 0; path = Pods_ImageSearch_SwiftUI_ImageSearch_SwiftUIUITests.framework; sourceTree = BUILT_PRODUCTS_DIR; };
		D9585B434904B58654A9C376 /* Pods_ImageSearch_SwiftUI.framework */ = {isa = PBXFileReference; explicitFileType = wrapper.framework; includeInIndex = 0; path = Pods_ImageSearch_SwiftUI.framework; sourceTree = BUILT_PRODUCTS_DIR; };
		F31EFE9D253D977B00C53147 /* CollectionView.swift */ = {isa = PBXFileReference; lastKnownFileType = sourcecode.swift; path = CollectionView.swift; sourceTree = "<group>"; };
		F3308C3F253D783E00551A4C /* ImageSearch-SwiftUI.app */ = {isa = PBXFileReference; explicitFileType = wrapper.application; includeInIndex = 0; path = "ImageSearch-SwiftUI.app"; sourceTree = BUILT_PRODUCTS_DIR; };
		F3308C42253D783E00551A4C /* ImageSearch_SwiftUIApp.swift */ = {isa = PBXFileReference; lastKnownFileType = sourcecode.swift; path = ImageSearch_SwiftUIApp.swift; sourceTree = "<group>"; };
		F3308C46253D783F00551A4C /* Assets.xcassets */ = {isa = PBXFileReference; lastKnownFileType = folder.assetcatalog; path = Assets.xcassets; sourceTree = "<group>"; };
		F3308C49253D783F00551A4C /* Preview Assets.xcassets */ = {isa = PBXFileReference; lastKnownFileType = folder.assetcatalog; path = "Preview Assets.xcassets"; sourceTree = "<group>"; };
		F3308C4B253D783F00551A4C /* Info.plist */ = {isa = PBXFileReference; lastKnownFileType = text.plist.xml; path = Info.plist; sourceTree = "<group>"; };
		F3308C50253D783F00551A4C /* ImageSearch-SwiftUITests.xctest */ = {isa = PBXFileReference; explicitFileType = wrapper.cfbundle; includeInIndex = 0; path = "ImageSearch-SwiftUITests.xctest"; sourceTree = BUILT_PRODUCTS_DIR; };
		F3308C54253D784000551A4C /* ImageSearch_SwiftUITests.swift */ = {isa = PBXFileReference; lastKnownFileType = sourcecode.swift; path = ImageSearch_SwiftUITests.swift; sourceTree = "<group>"; };
		F3308C56253D784000551A4C /* Info.plist */ = {isa = PBXFileReference; lastKnownFileType = text.plist.xml; path = Info.plist; sourceTree = "<group>"; };
		F3308C5B253D784000551A4C /* ImageSearch-SwiftUIUITests.xctest */ = {isa = PBXFileReference; explicitFileType = wrapper.cfbundle; includeInIndex = 0; path = "ImageSearch-SwiftUIUITests.xctest"; sourceTree = BUILT_PRODUCTS_DIR; };
		F3308C5F253D784000551A4C /* ImageSearch_SwiftUIUITests.swift */ = {isa = PBXFileReference; lastKnownFileType = sourcecode.swift; path = ImageSearch_SwiftUIUITests.swift; sourceTree = "<group>"; };
		F3308C61253D784000551A4C /* Info.plist */ = {isa = PBXFileReference; lastKnownFileType = text.plist.xml; path = Info.plist; sourceTree = "<group>"; };
		F3308C72253D78BD00551A4C /* SearchView.swift */ = {isa = PBXFileReference; lastKnownFileType = sourcecode.swift; path = SearchView.swift; sourceTree = "<group>"; };
		F3308C7B253D78CD00551A4C /* FavoritesView.swift */ = {isa = PBXFileReference; lastKnownFileType = sourcecode.swift; path = FavoritesView.swift; sourceTree = "<group>"; };
		F3308C88253D78FD00551A4C /* MainView.swift */ = {isa = PBXFileReference; lastKnownFileType = sourcecode.swift; path = MainView.swift; sourceTree = "<group>"; };
		F3308C93253D79EB00551A4C /* CardView.swift */ = {isa = PBXFileReference; lastKnownFileType = sourcecode.swift; path = CardView.swift; sourceTree = "<group>"; };
		F3308C99253D7A2600551A4C /* SearchViewModel.swift */ = {isa = PBXFileReference; lastKnownFileType = sourcecode.swift; path = SearchViewModel.swift; sourceTree = "<group>"; };
		F33EE4342540504A00632A36 /* DetailedView.swift */ = {isa = PBXFileReference; lastKnownFileType = sourcecode.swift; path = DetailedView.swift; sourceTree = "<group>"; };
		F33EE4452540545000632A36 /* ClassicCellView.swift */ = {isa = PBXFileReference; lastKnownFileType = sourcecode.swift; path = ClassicCellView.swift; sourceTree = "<group>"; };
		F33EE44A2540571500632A36 /* Text+OptionalString.swift */ = {isa = PBXFileReference; lastKnownFileType = sourcecode.swift; path = "Text+OptionalString.swift"; sourceTree = "<group>"; };
		F33EE450254058D200632A36 /* SafariView.swift */ = {isa = PBXFileReference; lastKnownFileType = sourcecode.swift; path = SafariView.swift; sourceTree = "<group>"; };
		F33EE45525405B7B00632A36 /* DetailedViewModel.swift */ = {isa = PBXFileReference; lastKnownFileType = sourcecode.swift; path = DetailedViewModel.swift; sourceTree = "<group>"; };
		F33EE4642540676600632A36 /* FavoritesModel.swift */ = {isa = PBXFileReference; lastKnownFileType = sourcecode.swift; path = FavoritesModel.swift; sourceTree = "<group>"; };
		F33EE46C25406C4600632A36 /* UserDefaults+Objects.swift */ = {isa = PBXFileReference; lastKnownFileType = sourcecode.swift; path = "UserDefaults+Objects.swift"; sourceTree = "<group>"; };
		F39284B0253EA6440061C36F /* SearchBar.swift */ = {isa = PBXFileReference; lastKnownFileType = sourcecode.swift; path = SearchBar.swift; sourceTree = "<group>"; };
		F39284B5253EA7560061C36F /* ResultData.swift */ = {isa = PBXFileReference; lastKnownFileType = sourcecode.swift; path = ResultData.swift; sourceTree = "<group>"; };
		F39284C3253EB0400061C36F /* SearchModel.swift */ = {isa = PBXFileReference; lastKnownFileType = sourcecode.swift; path = SearchModel.swift; sourceTree = "<group>"; };
		F39284CB253EC1530061C36F /* KakaoSearchData.swift */ = {isa = PBXFileReference; lastKnownFileType = sourcecode.swift; path = KakaoSearchData.swift; sourceTree = "<group>"; };
		F3E89996254074250087CB09 /* FavoritesViewModel.swift */ = {isa = PBXFileReference; lastKnownFileType = sourcecode.swift; path = FavoritesViewModel.swift; sourceTree = "<group>"; };
		F3E8999E2540779F0087CB09 /* VisualEffectView.swift */ = {isa = PBXFileReference; lastKnownFileType = sourcecode.swift; path = VisualEffectView.swift; sourceTree = "<group>"; };
		F3E899A3254078280087CB09 /* ColorScheme+UIBlurEffectStyle.swift */ = {isa = PBXFileReference; lastKnownFileType = sourcecode.swift; path = "ColorScheme+UIBlurEffectStyle.swift"; sourceTree = "<group>"; };
		F3E899A8254080160087CB09 /* View+pinchToZoom.swift */ = {isa = PBXFileReference; lastKnownFileType = sourcecode.swift; path = "View+pinchToZoom.swift"; sourceTree = "<group>"; };
/* End PBXFileReference section */

/* Begin PBXFrameworksBuildPhase section */
		F3308C3C253D783E00551A4C /* Frameworks */ = {
			isa = PBXFrameworksBuildPhase;
			buildActionMask = 2147483647;
			files = (
				7CB1AAD9358BF271F1F28D2F /* Pods_ImageSearch_SwiftUI.framework in Frameworks */,
			);
			runOnlyForDeploymentPostprocessing = 0;
		};
		F3308C4D253D783F00551A4C /* Frameworks */ = {
			isa = PBXFrameworksBuildPhase;
			buildActionMask = 2147483647;
			files = (
				04E29623AB5560B346EB4405 /* Pods_ImageSearch_SwiftUITests.framework in Frameworks */,
			);
			runOnlyForDeploymentPostprocessing = 0;
		};
		F3308C58253D784000551A4C /* Frameworks */ = {
			isa = PBXFrameworksBuildPhase;
			buildActionMask = 2147483647;
			files = (
				68DDD0FF4A7B4FA31F5936DE /* Pods_ImageSearch_SwiftUI_ImageSearch_SwiftUIUITests.framework in Frameworks */,
			);
			runOnlyForDeploymentPostprocessing = 0;
		};
/* End PBXFrameworksBuildPhase section */

/* Begin PBXGroup section */
		8F1A663BBF267E7327BD7CAA /* Frameworks */ = {
			isa = PBXGroup;
			children = (
				D9585B434904B58654A9C376 /* Pods_ImageSearch_SwiftUI.framework */,
				D3AC0F018CC24B93E3215536 /* Pods_ImageSearch_SwiftUI_ImageSearch_SwiftUIUITests.framework */,
				8C5AF494C31C9A9BF0C98A27 /* Pods_ImageSearch_SwiftUITests.framework */,
			);
			name = Frameworks;
			sourceTree = "<group>";
		};
		F31EFE91253D867400C53147 /* Extensions */ = {
			isa = PBXGroup;
			children = (
				F33EE44A2540571500632A36 /* Text+OptionalString.swift */,
				F33EE46C25406C4600632A36 /* UserDefaults+Objects.swift */,
				F3E899A3254078280087CB09 /* ColorScheme+UIBlurEffectStyle.swift */,
				F3E899A8254080160087CB09 /* View+pinchToZoom.swift */,
			);
			path = Extensions;
			sourceTree = "<group>";
		};
		F3308C36253D783E00551A4C = {
			isa = PBXGroup;
			children = (
				F3308C41253D783E00551A4C /* ImageSearch-SwiftUI */,
				F3308C53253D784000551A4C /* ImageSearch-SwiftUITests */,
				F3308C5E253D784000551A4C /* ImageSearch-SwiftUIUITests */,
				F3308C40253D783E00551A4C /* Products */,
				FEB2E61ED5EFAC33494C210B /* Pods */,
				8F1A663BBF267E7327BD7CAA /* Frameworks */,
			);
			sourceTree = "<group>";
		};
		F3308C40253D783E00551A4C /* Products */ = {
			isa = PBXGroup;
			children = (
				F3308C3F253D783E00551A4C /* ImageSearch-SwiftUI.app */,
				F3308C50253D783F00551A4C /* ImageSearch-SwiftUITests.xctest */,
				F3308C5B253D784000551A4C /* ImageSearch-SwiftUIUITests.xctest */,
			);
			name = Products;
			sourceTree = "<group>";
		};
		F3308C41253D783E00551A4C /* ImageSearch-SwiftUI */ = {
			isa = PBXGroup;
			children = (
				F31EFE91253D867400C53147 /* Extensions */,
				F39284A7253E83870061C36F /* Models */,
				F3308C98253D7A1400551A4C /* ViewModels */,
				F3308C71253D78AA00551A4C /* Views */,
				F3308C42253D783E00551A4C /* ImageSearch_SwiftUIApp.swift */,
				F3308C46253D783F00551A4C /* Assets.xcassets */,
				F3308C4B253D783F00551A4C /* Info.plist */,
				F3308C48253D783F00551A4C /* Preview Content */,
			);
			path = "ImageSearch-SwiftUI";
			sourceTree = "<group>";
		};
		F3308C48253D783F00551A4C /* Preview Content */ = {
			isa = PBXGroup;
			children = (
				F3308C49253D783F00551A4C /* Preview Assets.xcassets */,
			);
			path = "Preview Content";
			sourceTree = "<group>";
		};
		F3308C53253D784000551A4C /* ImageSearch-SwiftUITests */ = {
			isa = PBXGroup;
			children = (
				F3308C54253D784000551A4C /* ImageSearch_SwiftUITests.swift */,
				F3308C56253D784000551A4C /* Info.plist */,
			);
			path = "ImageSearch-SwiftUITests";
			sourceTree = "<group>";
		};
		F3308C5E253D784000551A4C /* ImageSearch-SwiftUIUITests */ = {
			isa = PBXGroup;
			children = (
				F3308C5F253D784000551A4C /* ImageSearch_SwiftUIUITests.swift */,
				F3308C61253D784000551A4C /* Info.plist */,
			);
			path = "ImageSearch-SwiftUIUITests";
			sourceTree = "<group>";
		};
		F3308C71253D78AA00551A4C /* Views */ = {
			isa = PBXGroup;
			children = (
				F3308C7A253D78C000551A4C /* Components */,
				F3308C72253D78BD00551A4C /* SearchView.swift */,
				F3308C7B253D78CD00551A4C /* FavoritesView.swift */,
				F33EE4342540504A00632A36 /* DetailedView.swift */,
				F3308C88253D78FD00551A4C /* MainView.swift */,
			);
			path = Views;
			sourceTree = "<group>";
		};
		F3308C7A253D78C000551A4C /* Components */ = {
			isa = PBXGroup;
			children = (
				F33EE44F254058BD00632A36 /* Bridging_UIKit */,
				F3308C93253D79EB00551A4C /* CardView.swift */,
				F31EFE9D253D977B00C53147 /* CollectionView.swift */,
				F33EE4452540545000632A36 /* ClassicCellView.swift */,
			);
			path = Components;
			sourceTree = "<group>";
		};
		F3308C98253D7A1400551A4C /* ViewModels */ = {
			isa = PBXGroup;
			children = (
				F3308C99253D7A2600551A4C /* SearchViewModel.swift */,
				F33EE45525405B7B00632A36 /* DetailedViewModel.swift */,
				F3E89996254074250087CB09 /* FavoritesViewModel.swift */,
			);
			path = ViewModels;
			sourceTree = "<group>";
		};
		F33EE44F254058BD00632A36 /* Bridging_UIKit */ = {
			isa = PBXGroup;
			children = (
				F39284B0253EA6440061C36F /* SearchBar.swift */,
				F33EE450254058D200632A36 /* SafariView.swift */,
				F3E8999E2540779F0087CB09 /* VisualEffectView.swift */,
			);
			path = Bridging_UIKit;
			sourceTree = "<group>";
		};
		F39284A7253E83870061C36F /* Models */ = {
			isa = PBXGroup;
			children = (
				F39284DE253EDA1F0061C36F /* Structure */,
				F39284C3253EB0400061C36F /* SearchModel.swift */,
				F33EE4642540676600632A36 /* FavoritesModel.swift */,
			);
			path = Models;
			sourceTree = "<group>";
		};
		F39284DE253EDA1F0061C36F /* Structure */ = {
			isa = PBXGroup;
			children = (
				F39284B5253EA7560061C36F /* ResultData.swift */,
				F39284CB253EC1530061C36F /* KakaoSearchData.swift */,
			);
			path = Structure;
			sourceTree = "<group>";
		};
		FEB2E61ED5EFAC33494C210B /* Pods */ = {
			isa = PBXGroup;
			children = (
				582DDECE33F7A249495223C5 /* Pods-ImageSearch-SwiftUI.debug.xcconfig */,
				C39AD268D287FE003A0880C3 /* Pods-ImageSearch-SwiftUI.release.xcconfig */,
				B3C1745805610BA964777D0C /* Pods-ImageSearch-SwiftUI-ImageSearch-SwiftUIUITests.debug.xcconfig */,
				887320FA80B8ADFEF1372801 /* Pods-ImageSearch-SwiftUI-ImageSearch-SwiftUIUITests.release.xcconfig */,
				3A07A532071015E87EEB8C15 /* Pods-ImageSearch-SwiftUITests.debug.xcconfig */,
				3E137A61532D420987A07BC1 /* Pods-ImageSearch-SwiftUITests.release.xcconfig */,
			);
			path = Pods;
			sourceTree = "<group>";
		};
/* End PBXGroup section */

/* Begin PBXNativeTarget section */
		F3308C3E253D783E00551A4C /* ImageSearch-SwiftUI */ = {
			isa = PBXNativeTarget;
			buildConfigurationList = F3308C64253D784000551A4C /* Build configuration list for PBXNativeTarget "ImageSearch-SwiftUI" */;
			buildPhases = (
				05574BB7328D3D90CE0B4F2E /* [CP] Check Pods Manifest.lock */,
				F3308C3B253D783E00551A4C /* Sources */,
				F3308C3C253D783E00551A4C /* Frameworks */,
				F3308C3D253D783E00551A4C /* Resources */,
				F2EB92D7A61CFD50A400AA59 /* [CP] Embed Pods Frameworks */,
			);
			buildRules = (
			);
			dependencies = (
			);
			name = "ImageSearch-SwiftUI";
			productName = "ImageSearch-SwiftUI";
			productReference = F3308C3F253D783E00551A4C /* ImageSearch-SwiftUI.app */;
			productType = "com.apple.product-type.application";
		};
		F3308C4F253D783F00551A4C /* ImageSearch-SwiftUITests */ = {
			isa = PBXNativeTarget;
			buildConfigurationList = F3308C67253D784000551A4C /* Build configuration list for PBXNativeTarget "ImageSearch-SwiftUITests" */;
			buildPhases = (
				E9617903FA06CF9EECCB67D9 /* [CP] Check Pods Manifest.lock */,
				F3308C4C253D783F00551A4C /* Sources */,
				F3308C4D253D783F00551A4C /* Frameworks */,
				F3308C4E253D783F00551A4C /* Resources */,
			);
			buildRules = (
			);
			dependencies = (
				F3308C52253D783F00551A4C /* PBXTargetDependency */,
			);
			name = "ImageSearch-SwiftUITests";
			productName = "ImageSearch-SwiftUITests";
			productReference = F3308C50253D783F00551A4C /* ImageSearch-SwiftUITests.xctest */;
			productType = "com.apple.product-type.bundle.unit-test";
		};
		F3308C5A253D784000551A4C /* ImageSearch-SwiftUIUITests */ = {
			isa = PBXNativeTarget;
			buildConfigurationList = F3308C6A253D784000551A4C /* Build configuration list for PBXNativeTarget "ImageSearch-SwiftUIUITests" */;
			buildPhases = (
				041E268998531FDEF9EB89E8 /* [CP] Check Pods Manifest.lock */,
				F3308C57253D784000551A4C /* Sources */,
				F3308C58253D784000551A4C /* Frameworks */,
				F3308C59253D784000551A4C /* Resources */,
				744BBA6774D5601CFA4E1A7F /* [CP] Embed Pods Frameworks */,
			);
			buildRules = (
			);
			dependencies = (
				F3308C5D253D784000551A4C /* PBXTargetDependency */,
			);
			name = "ImageSearch-SwiftUIUITests";
			productName = "ImageSearch-SwiftUIUITests";
			productReference = F3308C5B253D784000551A4C /* ImageSearch-SwiftUIUITests.xctest */;
			productType = "com.apple.product-type.bundle.ui-testing";
		};
/* End PBXNativeTarget section */

/* Begin PBXProject section */
		F3308C37253D783E00551A4C /* Project object */ = {
			isa = PBXProject;
			attributes = {
				LastSwiftUpdateCheck = 1220;
				LastUpgradeCheck = 1220;
				TargetAttributes = {
					F3308C3E253D783E00551A4C = {
						CreatedOnToolsVersion = 12.2;
					};
					F3308C4F253D783F00551A4C = {
						CreatedOnToolsVersion = 12.2;
						TestTargetID = F3308C3E253D783E00551A4C;
					};
					F3308C5A253D784000551A4C = {
						CreatedOnToolsVersion = 12.2;
						TestTargetID = F3308C3E253D783E00551A4C;
					};
				};
			};
			buildConfigurationList = F3308C3A253D783E00551A4C /* Build configuration list for PBXProject "ImageSearch-SwiftUI" */;
			compatibilityVersion = "Xcode 9.3";
			developmentRegion = en;
			hasScannedForEncodings = 0;
			knownRegions = (
				en,
				Base,
			);
			mainGroup = F3308C36253D783E00551A4C;
			productRefGroup = F3308C40253D783E00551A4C /* Products */;
			projectDirPath = "";
			projectRoot = "";
			targets = (
				F3308C3E253D783E00551A4C /* ImageSearch-SwiftUI */,
				F3308C4F253D783F00551A4C /* ImageSearch-SwiftUITests */,
				F3308C5A253D784000551A4C /* ImageSearch-SwiftUIUITests */,
			);
		};
/* End PBXProject section */

/* Begin PBXResourcesBuildPhase section */
		F3308C3D253D783E00551A4C /* Resources */ = {
			isa = PBXResourcesBuildPhase;
			buildActionMask = 2147483647;
			files = (
				F3308C4A253D783F00551A4C /* Preview Assets.xcassets in Resources */,
				F3308C47253D783F00551A4C /* Assets.xcassets in Resources */,
			);
			runOnlyForDeploymentPostprocessing = 0;
		};
		F3308C4E253D783F00551A4C /* Resources */ = {
			isa = PBXResourcesBuildPhase;
			buildActionMask = 2147483647;
			files = (
			);
			runOnlyForDeploymentPostprocessing = 0;
		};
		F3308C59253D784000551A4C /* Resources */ = {
			isa = PBXResourcesBuildPhase;
			buildActionMask = 2147483647;
			files = (
			);
			runOnlyForDeploymentPostprocessing = 0;
		};
/* End PBXResourcesBuildPhase section */

/* Begin PBXShellScriptBuildPhase section */
		041E268998531FDEF9EB89E8 /* [CP] Check Pods Manifest.lock */ = {
			isa = PBXShellScriptBuildPhase;
			buildActionMask = 2147483647;
			files = (
			);
			inputFileListPaths = (
			);
			inputPaths = (
				"${PODS_PODFILE_DIR_PATH}/Podfile.lock",
				"${PODS_ROOT}/Manifest.lock",
			);
			name = "[CP] Check Pods Manifest.lock";
			outputFileListPaths = (
			);
			outputPaths = (
				"$(DERIVED_FILE_DIR)/Pods-ImageSearch-SwiftUI-ImageSearch-SwiftUIUITests-checkManifestLockResult.txt",
			);
			runOnlyForDeploymentPostprocessing = 0;
			shellPath = /bin/sh;
			shellScript = "diff \"${PODS_PODFILE_DIR_PATH}/Podfile.lock\" \"${PODS_ROOT}/Manifest.lock\" > /dev/null\nif [ $? != 0 ] ; then\n    # print error to STDERR\n    echo \"error: The sandbox is not in sync with the Podfile.lock. Run 'pod install' or update your CocoaPods installation.\" >&2\n    exit 1\nfi\n# This output is used by Xcode 'outputs' to avoid re-running this script phase.\necho \"SUCCESS\" > \"${SCRIPT_OUTPUT_FILE_0}\"\n";
			showEnvVarsInLog = 0;
		};
		05574BB7328D3D90CE0B4F2E /* [CP] Check Pods Manifest.lock */ = {
			isa = PBXShellScriptBuildPhase;
			buildActionMask = 2147483647;
			files = (
			);
			inputFileListPaths = (
			);
			inputPaths = (
				"${PODS_PODFILE_DIR_PATH}/Podfile.lock",
				"${PODS_ROOT}/Manifest.lock",
			);
			name = "[CP] Check Pods Manifest.lock";
			outputFileListPaths = (
			);
			outputPaths = (
				"$(DERIVED_FILE_DIR)/Pods-ImageSearch-SwiftUI-checkManifestLockResult.txt",
			);
			runOnlyForDeploymentPostprocessing = 0;
			shellPath = /bin/sh;
			shellScript = "diff \"${PODS_PODFILE_DIR_PATH}/Podfile.lock\" \"${PODS_ROOT}/Manifest.lock\" > /dev/null\nif [ $? != 0 ] ; then\n    # print error to STDERR\n    echo \"error: The sandbox is not in sync with the Podfile.lock. Run 'pod install' or update your CocoaPods installation.\" >&2\n    exit 1\nfi\n# This output is used by Xcode 'outputs' to avoid re-running this script phase.\necho \"SUCCESS\" > \"${SCRIPT_OUTPUT_FILE_0}\"\n";
			showEnvVarsInLog = 0;
		};
		744BBA6774D5601CFA4E1A7F /* [CP] Embed Pods Frameworks */ = {
			isa = PBXShellScriptBuildPhase;
			buildActionMask = 2147483647;
			files = (
			);
			inputFileListPaths = (
				"${PODS_ROOT}/Target Support Files/Pods-ImageSearch-SwiftUI-ImageSearch-SwiftUIUITests/Pods-ImageSearch-SwiftUI-ImageSearch-SwiftUIUITests-frameworks-${CONFIGURATION}-input-files.xcfilelist",
			);
			name = "[CP] Embed Pods Frameworks";
			outputFileListPaths = (
				"${PODS_ROOT}/Target Support Files/Pods-ImageSearch-SwiftUI-ImageSearch-SwiftUIUITests/Pods-ImageSearch-SwiftUI-ImageSearch-SwiftUIUITests-frameworks-${CONFIGURATION}-output-files.xcfilelist",
			);
			runOnlyForDeploymentPostprocessing = 0;
			shellPath = /bin/sh;
			shellScript = "\"${PODS_ROOT}/Target Support Files/Pods-ImageSearch-SwiftUI-ImageSearch-SwiftUIUITests/Pods-ImageSearch-SwiftUI-ImageSearch-SwiftUIUITests-frameworks.sh\"\n";
			showEnvVarsInLog = 0;
		};
		E9617903FA06CF9EECCB67D9 /* [CP] Check Pods Manifest.lock */ = {
			isa = PBXShellScriptBuildPhase;
			buildActionMask = 2147483647;
			files = (
			);
			inputFileListPaths = (
			);
			inputPaths = (
				"${PODS_PODFILE_DIR_PATH}/Podfile.lock",
				"${PODS_ROOT}/Manifest.lock",
			);
			name = "[CP] Check Pods Manifest.lock";
			outputFileListPaths = (
			);
			outputPaths = (
				"$(DERIVED_FILE_DIR)/Pods-ImageSearch-SwiftUITests-checkManifestLockResult.txt",
			);
			runOnlyForDeploymentPostprocessing = 0;
			shellPath = /bin/sh;
			shellScript = "diff \"${PODS_PODFILE_DIR_PATH}/Podfile.lock\" \"${PODS_ROOT}/Manifest.lock\" > /dev/null\nif [ $? != 0 ] ; then\n    # print error to STDERR\n    echo \"error: The sandbox is not in sync with the Podfile.lock. Run 'pod install' or update your CocoaPods installation.\" >&2\n    exit 1\nfi\n# This output is used by Xcode 'outputs' to avoid re-running this script phase.\necho \"SUCCESS\" > \"${SCRIPT_OUTPUT_FILE_0}\"\n";
			showEnvVarsInLog = 0;
		};
		F2EB92D7A61CFD50A400AA59 /* [CP] Embed Pods Frameworks */ = {
			isa = PBXShellScriptBuildPhase;
			buildActionMask = 2147483647;
			files = (
			);
			inputFileListPaths = (
				"${PODS_ROOT}/Target Support Files/Pods-ImageSearch-SwiftUI/Pods-ImageSearch-SwiftUI-frameworks-${CONFIGURATION}-input-files.xcfilelist",
			);
			name = "[CP] Embed Pods Frameworks";
			outputFileListPaths = (
				"${PODS_ROOT}/Target Support Files/Pods-ImageSearch-SwiftUI/Pods-ImageSearch-SwiftUI-frameworks-${CONFIGURATION}-output-files.xcfilelist",
			);
			runOnlyForDeploymentPostprocessing = 0;
			shellPath = /bin/sh;
			shellScript = "\"${PODS_ROOT}/Target Support Files/Pods-ImageSearch-SwiftUI/Pods-ImageSearch-SwiftUI-frameworks.sh\"\n";
			showEnvVarsInLog = 0;
		};
/* End PBXShellScriptBuildPhase section */

/* Begin PBXSourcesBuildPhase section */
		F3308C3B253D783E00551A4C /* Sources */ = {
			isa = PBXSourcesBuildPhase;
			buildActionMask = 2147483647;
			files = (
				F39284C4253EB0400061C36F /* SearchModel.swift in Sources */,
				F3308C9A253D7A2600551A4C /* SearchViewModel.swift in Sources */,
				F3E899A9254080160087CB09 /* View+pinchToZoom.swift in Sources */,
				F39284CC253EC1530061C36F /* KakaoSearchData.swift in Sources */,
				F39284B6253EA7560061C36F /* ResultData.swift in Sources */,
				F3308C94253D79EB00551A4C /* CardView.swift in Sources */,
				F3E8999F2540779F0087CB09 /* VisualEffectView.swift in Sources */,
				F33EE4462540545000632A36 /* ClassicCellView.swift in Sources */,
				F3308C7C253D78CE00551A4C /* FavoritesView.swift in Sources */,
				F33EE4652540676600632A36 /* FavoritesModel.swift in Sources */,
				F33EE4352540504A00632A36 /* DetailedView.swift in Sources */,
				F3308C73253D78BD00551A4C /* SearchView.swift in Sources */,
				F31EFE9E253D977B00C53147 /* CollectionView.swift in Sources */,
				F39284B1253EA6440061C36F /* SearchBar.swift in Sources */,
				F33EE45625405B7B00632A36 /* DetailedViewModel.swift in Sources */,
				F3E899A4254078280087CB09 /* ColorScheme+UIBlurEffectStyle.swift in Sources */,
				F33EE46D25406C4600632A36 /* UserDefaults+Objects.swift in Sources */,
				F33EE451254058D200632A36 /* SafariView.swift in Sources */,
				F3308C89253D78FD00551A4C /* MainView.swift in Sources */,
				F33EE44B2540571500632A36 /* Text+OptionalString.swift in Sources */,
				F3308C43253D783E00551A4C /* ImageSearch_SwiftUIApp.swift in Sources */,
				F3E89997254074250087CB09 /* FavoritesViewModel.swift in Sources */,
			);
			runOnlyForDeploymentPostprocessing = 0;
		};
		F3308C4C253D783F00551A4C /* Sources */ = {
			isa = PBXSourcesBuildPhase;
			buildActionMask = 2147483647;
			files = (
				F3308C55253D784000551A4C /* ImageSearch_SwiftUITests.swift in Sources */,
			);
			runOnlyForDeploymentPostprocessing = 0;
		};
		F3308C57253D784000551A4C /* Sources */ = {
			isa = PBXSourcesBuildPhase;
			buildActionMask = 2147483647;
			files = (
				F3308C60253D784000551A4C /* ImageSearch_SwiftUIUITests.swift in Sources */,
			);
			runOnlyForDeploymentPostprocessing = 0;
		};
/* End PBXSourcesBuildPhase section */

/* Begin PBXTargetDependency section */
		F3308C52253D783F00551A4C /* PBXTargetDependency */ = {
			isa = PBXTargetDependency;
			target = F3308C3E253D783E00551A4C /* ImageSearch-SwiftUI */;
			targetProxy = F3308C51253D783F00551A4C /* PBXContainerItemProxy */;
		};
		F3308C5D253D784000551A4C /* PBXTargetDependency */ = {
			isa = PBXTargetDependency;
			target = F3308C3E253D783E00551A4C /* ImageSearch-SwiftUI */;
			targetProxy = F3308C5C253D784000551A4C /* PBXContainerItemProxy */;
		};
/* End PBXTargetDependency section */

/* Begin XCBuildConfiguration section */
		F3308C62253D784000551A4C /* Debug */ = {
			isa = XCBuildConfiguration;
			buildSettings = {
				ALWAYS_SEARCH_USER_PATHS = NO;
				CLANG_ANALYZER_NONNULL = YES;
				CLANG_ANALYZER_NUMBER_OBJECT_CONVERSION = YES_AGGRESSIVE;
				CLANG_CXX_LANGUAGE_STANDARD = "gnu++14";
				CLANG_CXX_LIBRARY = "libc++";
				CLANG_ENABLE_MODULES = YES;
				CLANG_ENABLE_OBJC_ARC = YES;
				CLANG_ENABLE_OBJC_WEAK = YES;
				CLANG_WARN_BLOCK_CAPTURE_AUTORELEASING = YES;
				CLANG_WARN_BOOL_CONVERSION = YES;
				CLANG_WARN_COMMA = YES;
				CLANG_WARN_CONSTANT_CONVERSION = YES;
				CLANG_WARN_DEPRECATED_OBJC_IMPLEMENTATIONS = YES;
				CLANG_WARN_DIRECT_OBJC_ISA_USAGE = YES_ERROR;
				CLANG_WARN_DOCUMENTATION_COMMENTS = YES;
				CLANG_WARN_EMPTY_BODY = YES;
				CLANG_WARN_ENUM_CONVERSION = YES;
				CLANG_WARN_INFINITE_RECURSION = YES;
				CLANG_WARN_INT_CONVERSION = YES;
				CLANG_WARN_NON_LITERAL_NULL_CONVERSION = YES;
				CLANG_WARN_OBJC_IMPLICIT_RETAIN_SELF = YES;
				CLANG_WARN_OBJC_LITERAL_CONVERSION = YES;
				CLANG_WARN_OBJC_ROOT_CLASS = YES_ERROR;
				CLANG_WARN_QUOTED_INCLUDE_IN_FRAMEWORK_HEADER = YES;
				CLANG_WARN_RANGE_LOOP_ANALYSIS = YES;
				CLANG_WARN_STRICT_PROTOTYPES = YES;
				CLANG_WARN_SUSPICIOUS_MOVE = YES;
				CLANG_WARN_UNGUARDED_AVAILABILITY = YES_AGGRESSIVE;
				CLANG_WARN_UNREACHABLE_CODE = YES;
				CLANG_WARN__DUPLICATE_METHOD_MATCH = YES;
				COPY_PHASE_STRIP = NO;
				DEBUG_INFORMATION_FORMAT = dwarf;
				ENABLE_STRICT_OBJC_MSGSEND = YES;
				ENABLE_TESTABILITY = YES;
				GCC_C_LANGUAGE_STANDARD = gnu11;
				GCC_DYNAMIC_NO_PIC = NO;
				GCC_NO_COMMON_BLOCKS = YES;
				GCC_OPTIMIZATION_LEVEL = 0;
				GCC_PREPROCESSOR_DEFINITIONS = (
					"DEBUG=1",
					"$(inherited)",
				);
				GCC_WARN_64_TO_32_BIT_CONVERSION = YES;
				GCC_WARN_ABOUT_RETURN_TYPE = YES_ERROR;
				GCC_WARN_UNDECLARED_SELECTOR = YES;
				GCC_WARN_UNINITIALIZED_AUTOS = YES_AGGRESSIVE;
				GCC_WARN_UNUSED_FUNCTION = YES;
				GCC_WARN_UNUSED_VARIABLE = YES;
				IPHONEOS_DEPLOYMENT_TARGET = 14.1;
				MTL_ENABLE_DEBUG_INFO = INCLUDE_SOURCE;
				MTL_FAST_MATH = YES;
				ONLY_ACTIVE_ARCH = YES;
				SDKROOT = iphoneos;
				SWIFT_ACTIVE_COMPILATION_CONDITIONS = DEBUG;
				SWIFT_OPTIMIZATION_LEVEL = "-Onone";
			};
			name = Debug;
		};
		F3308C63253D784000551A4C /* Release */ = {
			isa = XCBuildConfiguration;
			buildSettings = {
				ALWAYS_SEARCH_USER_PATHS = NO;
				CLANG_ANALYZER_NONNULL = YES;
				CLANG_ANALYZER_NUMBER_OBJECT_CONVERSION = YES_AGGRESSIVE;
				CLANG_CXX_LANGUAGE_STANDARD = "gnu++14";
				CLANG_CXX_LIBRARY = "libc++";
				CLANG_ENABLE_MODULES = YES;
				CLANG_ENABLE_OBJC_ARC = YES;
				CLANG_ENABLE_OBJC_WEAK = YES;
				CLANG_WARN_BLOCK_CAPTURE_AUTORELEASING = YES;
				CLANG_WARN_BOOL_CONVERSION = YES;
				CLANG_WARN_COMMA = YES;
				CLANG_WARN_CONSTANT_CONVERSION = YES;
				CLANG_WARN_DEPRECATED_OBJC_IMPLEMENTATIONS = YES;
				CLANG_WARN_DIRECT_OBJC_ISA_USAGE = YES_ERROR;
				CLANG_WARN_DOCUMENTATION_COMMENTS = YES;
				CLANG_WARN_EMPTY_BODY = YES;
				CLANG_WARN_ENUM_CONVERSION = YES;
				CLANG_WARN_INFINITE_RECURSION = YES;
				CLANG_WARN_INT_CONVERSION = YES;
				CLANG_WARN_NON_LITERAL_NULL_CONVERSION = YES;
				CLANG_WARN_OBJC_IMPLICIT_RETAIN_SELF = YES;
				CLANG_WARN_OBJC_LITERAL_CONVERSION = YES;
				CLANG_WARN_OBJC_ROOT_CLASS = YES_ERROR;
				CLANG_WARN_QUOTED_INCLUDE_IN_FRAMEWORK_HEADER = YES;
				CLANG_WARN_RANGE_LOOP_ANALYSIS = YES;
				CLANG_WARN_STRICT_PROTOTYPES = YES;
				CLANG_WARN_SUSPICIOUS_MOVE = YES;
				CLANG_WARN_UNGUARDED_AVAILABILITY = YES_AGGRESSIVE;
				CLANG_WARN_UNREACHABLE_CODE = YES;
				CLANG_WARN__DUPLICATE_METHOD_MATCH = YES;
				COPY_PHASE_STRIP = NO;
				DEBUG_INFORMATION_FORMAT = "dwarf-with-dsym";
				ENABLE_NS_ASSERTIONS = NO;
				ENABLE_STRICT_OBJC_MSGSEND = YES;
				GCC_C_LANGUAGE_STANDARD = gnu11;
				GCC_NO_COMMON_BLOCKS = YES;
				GCC_WARN_64_TO_32_BIT_CONVERSION = YES;
				GCC_WARN_ABOUT_RETURN_TYPE = YES_ERROR;
				GCC_WARN_UNDECLARED_SELECTOR = YES;
				GCC_WARN_UNINITIALIZED_AUTOS = YES_AGGRESSIVE;
				GCC_WARN_UNUSED_FUNCTION = YES;
				GCC_WARN_UNUSED_VARIABLE = YES;
				IPHONEOS_DEPLOYMENT_TARGET = 14.1;
				MTL_ENABLE_DEBUG_INFO = NO;
				MTL_FAST_MATH = YES;
				SDKROOT = iphoneos;
				SWIFT_COMPILATION_MODE = wholemodule;
				SWIFT_OPTIMIZATION_LEVEL = "-O";
				VALIDATE_PRODUCT = YES;
			};
			name = Release;
		};
		F3308C65253D784000551A4C /* Debug */ = {
			isa = XCBuildConfiguration;
			baseConfigurationReference = 582DDECE33F7A249495223C5 /* Pods-ImageSearch-SwiftUI.debug.xcconfig */;
			buildSettings = {
				ASSETCATALOG_COMPILER_APPICON_NAME = AppIcon;
				ASSETCATALOG_COMPILER_GLOBAL_ACCENT_COLOR_NAME = AccentColor;
				CODE_SIGN_STYLE = Automatic;
				DEVELOPMENT_ASSET_PATHS = "\"ImageSearch-SwiftUI/Preview Content\"";
				DEVELOPMENT_TEAM = P53D29U9LJ;
				ENABLE_PREVIEWS = YES;
				INFOPLIST_FILE = "ImageSearch-SwiftUI/Info.plist";
				IPHONEOS_DEPLOYMENT_TARGET = 14.0;
				LD_RUNPATH_SEARCH_PATHS = (
					"$(inherited)",
					"@executable_path/Frameworks",
				);
				PRODUCT_BUNDLE_IDENTIFIER = "com.peter.ImageSearch-SwiftUI";
				PRODUCT_NAME = "$(TARGET_NAME)";
				SWIFT_VERSION = 5.0;
				TARGETED_DEVICE_FAMILY = "1,2";
			};
			name = Debug;
		};
		F3308C66253D784000551A4C /* Release */ = {
			isa = XCBuildConfiguration;
			baseConfigurationReference = C39AD268D287FE003A0880C3 /* Pods-ImageSearch-SwiftUI.release.xcconfig */;
			buildSettings = {
				ASSETCATALOG_COMPILER_APPICON_NAME = AppIcon;
				ASSETCATALOG_COMPILER_GLOBAL_ACCENT_COLOR_NAME = AccentColor;
				CODE_SIGN_STYLE = Automatic;
				DEVELOPMENT_ASSET_PATHS = "\"ImageSearch-SwiftUI/Preview Content\"";
				DEVELOPMENT_TEAM = P53D29U9LJ;
				ENABLE_PREVIEWS = YES;
				INFOPLIST_FILE = "ImageSearch-SwiftUI/Info.plist";
				IPHONEOS_DEPLOYMENT_TARGET = 14.0;
				LD_RUNPATH_SEARCH_PATHS = (
					"$(inherited)",
					"@executable_path/Frameworks",
				);
				PRODUCT_BUNDLE_IDENTIFIER = "com.peter.ImageSearch-SwiftUI";
				PRODUCT_NAME = "$(TARGET_NAME)";
				SWIFT_VERSION = 5.0;
				TARGETED_DEVICE_FAMILY = "1,2";
			};
			name = Release;
		};
		F3308C68253D784000551A4C /* Debug */ = {
			isa = XCBuildConfiguration;
			baseConfigurationReference = 3A07A532071015E87EEB8C15 /* Pods-ImageSearch-SwiftUITests.debug.xcconfig */;
			buildSettings = {
				ALWAYS_EMBED_SWIFT_STANDARD_LIBRARIES = YES;
				BUNDLE_LOADER = "$(TEST_HOST)";
				CODE_SIGN_STYLE = Automatic;
				DEVELOPMENT_TEAM = 6Q9SP4M9H4;
				INFOPLIST_FILE = "ImageSearch-SwiftUITests/Info.plist";
				IPHONEOS_DEPLOYMENT_TARGET = 14.0;
				LD_RUNPATH_SEARCH_PATHS = (
					"$(inherited)",
					"@executable_path/Frameworks",
					"@loader_path/Frameworks",
				);
				PRODUCT_BUNDLE_IDENTIFIER = "com.pookjw.ImageSearch-SwiftUITests";
				PRODUCT_NAME = "$(TARGET_NAME)";
				SWIFT_VERSION = 5.0;
				TARGETED_DEVICE_FAMILY = "1,2";
				TEST_HOST = "$(BUILT_PRODUCTS_DIR)/ImageSearch-SwiftUI.app/ImageSearch-SwiftUI";
			};
			name = Debug;
		};
		F3308C69253D784000551A4C /* Release */ = {
			isa = XCBuildConfiguration;
			baseConfigurationReference = 3E137A61532D420987A07BC1 /* Pods-ImageSearch-SwiftUITests.release.xcconfig */;
			buildSettings = {
				ALWAYS_EMBED_SWIFT_STANDARD_LIBRARIES = YES;
				BUNDLE_LOADER = "$(TEST_HOST)";
				CODE_SIGN_STYLE = Automatic;
				DEVELOPMENT_TEAM = 6Q9SP4M9H4;
				INFOPLIST_FILE = "ImageSearch-SwiftUITests/Info.plist";
				IPHONEOS_DEPLOYMENT_TARGET = 14.0;
				LD_RUNPATH_SEARCH_PATHS = (
					"$(inherited)",
					"@executable_path/Frameworks",
					"@loader_path/Frameworks",
				);
				PRODUCT_BUNDLE_IDENTIFIER = "com.pookjw.ImageSearch-SwiftUITests";
				PRODUCT_NAME = "$(TARGET_NAME)";
				SWIFT_VERSION = 5.0;
				TARGETED_DEVICE_FAMILY = "1,2";
				TEST_HOST = "$(BUILT_PRODUCTS_DIR)/ImageSearch-SwiftUI.app/ImageSearch-SwiftUI";
			};
			name = Release;
		};
		F3308C6B253D784000551A4C /* Debug */ = {
			isa = XCBuildConfiguration;
			baseConfigurationReference = B3C1745805610BA964777D0C /* Pods-ImageSearch-SwiftUI-ImageSearch-SwiftUIUITests.debug.xcconfig */;
			buildSettings = {
				ALWAYS_EMBED_SWIFT_STANDARD_LIBRARIES = YES;
				CODE_SIGN_STYLE = Automatic;
				DEVELOPMENT_TEAM = 6Q9SP4M9H4;
				INFOPLIST_FILE = "ImageSearch-SwiftUIUITests/Info.plist";
				LD_RUNPATH_SEARCH_PATHS = (
					"$(inherited)",
					"@executable_path/Frameworks",
					"@loader_path/Frameworks",
				);
				PRODUCT_BUNDLE_IDENTIFIER = "com.pookjw.ImageSearch-SwiftUIUITests";
				PRODUCT_NAME = "$(TARGET_NAME)";
				SWIFT_VERSION = 5.0;
				TARGETED_DEVICE_FAMILY = "1,2";
				TEST_TARGET_NAME = "ImageSearch-SwiftUI";
			};
			name = Debug;
		};
		F3308C6C253D784000551A4C /* Release */ = {
			isa = XCBuildConfiguration;
			baseConfigurationReference = 887320FA80B8ADFEF1372801 /* Pods-ImageSearch-SwiftUI-ImageSearch-SwiftUIUITests.release.xcconfig */;
			buildSettings = {
				ALWAYS_EMBED_SWIFT_STANDARD_LIBRARIES = YES;
				CODE_SIGN_STYLE = Automatic;
				DEVELOPMENT_TEAM = 6Q9SP4M9H4;
				INFOPLIST_FILE = "ImageSearch-SwiftUIUITests/Info.plist";
				LD_RUNPATH_SEARCH_PATHS = (
					"$(inherited)",
					"@executable_path/Frameworks",
					"@loader_path/Frameworks",
				);
				PRODUCT_BUNDLE_IDENTIFIER = "com.pookjw.ImageSearch-SwiftUIUITests";
				PRODUCT_NAME = "$(TARGET_NAME)";
				SWIFT_VERSION = 5.0;
				TARGETED_DEVICE_FAMILY = "1,2";
				TEST_TARGET_NAME = "ImageSearch-SwiftUI";
			};
			name = Release;
		};
/* End XCBuildConfiguration section */

/* Begin XCConfigurationList section */
		F3308C3A253D783E00551A4C /* Build configuration list for PBXProject "ImageSearch-SwiftUI" */ = {
			isa = XCConfigurationList;
			buildConfigurations = (
				F3308C62253D784000551A4C /* Debug */,
				F3308C63253D784000551A4C /* Release */,
			);
			defaultConfigurationIsVisible = 0;
			defaultConfigurationName = Release;
		};
		F3308C64253D784000551A4C /* Build configuration list for PBXNativeTarget "ImageSearch-SwiftUI" */ = {
			isa = XCConfigurationList;
			buildConfigurations = (
				F3308C65253D784000551A4C /* Debug */,
				F3308C66253D784000551A4C /* Release */,
			);
			defaultConfigurationIsVisible = 0;
			defaultConfigurationName = Release;
		};
		F3308C67253D784000551A4C /* Build configuration list for PBXNativeTarget "ImageSearch-SwiftUITests" */ = {
			isa = XCConfigurationList;
			buildConfigurations = (
				F3308C68253D784000551A4C /* Debug */,
				F3308C69253D784000551A4C /* Release */,
			);
			defaultConfigurationIsVisible = 0;
			defaultConfigurationName = Release;
		};
		F3308C6A253D784000551A4C /* Build configuration list for PBXNativeTarget "ImageSearch-SwiftUIUITests" */ = {
			isa = XCConfigurationList;
			buildConfigurations = (
				F3308C6B253D784000551A4C /* Debug */,
				F3308C6C253D784000551A4C /* Release */,
			);
			defaultConfigurationIsVisible = 0;
			defaultConfigurationName = Release;
		};
/* End XCConfigurationList section */
	};
	rootObject = F3308C37253D783E00551A4C /* Project object */;
}
